
Microsoft Visual Studio Solution File, Format Version 12.00
# Visual Studio Version 17
VisualStudioVersion = 17.9.34723.18
MinimumVisualStudioVersion = 10.0.40219.1
Project("{FAE04EC0-301F-11D3-BF4B-00C04F79EFBC}") = "Hackfest", "Hackfest\Hackfest.csproj", "{6BD3D3DD-4384-4096-BFB5-38515ACDA520}"
EndProject
Global
	GlobalSection(SolutionConfigurationPlatforms) = preSolution
		Debug|Any CPU = Debug|Any CPU
		Release|Any CPU = Release|Any CPU
	EndGlobalSection
	GlobalSection(ProjectConfigurationPlatforms) = postSolution
		{6BD3D3DD-4384-4096-BFB5-38515ACDA520}.Debug|Any CPU.ActiveCfg = Debug|Any CPU
		{6BD3D3DD-4384-4096-BFB5-38515ACDA520}.Debug|Any CPU.Build.0 = Debug|Any CPU
		{6BD3D3DD-4384-4096-BFB5-38515ACDA520}.Release|Any CPU.ActiveCfg = Release|Any CPU
		{6BD3D3DD-4384-4096-BFB5-38515ACDA520}.Release|Any CPU.Build.0 = Release|Any CPU
	EndGlobalSection
	GlobalSection(SolutionProperties) = preSolution
		HideSolutionNode = FALSE
	EndGlobalSection
	GlobalSection(ExtensibilityGlobals) = postSolution
		SolutionGuid = {C1860905-3F66-418B-95DD-24DB21F920FD}
	EndGlobalSection
EndGlobal
